
Microsoft Visual Studio Solution File, Format Version 12.00
# Visual Studio 15
VisualStudioVersion = 15.0.28307.438
MinimumVisualStudioVersion = 10.0.40219.1
Project("{FAE04EC0-301F-11D3-BF4B-00C04F79EFBC}") = "ConsoleApp1", "ConsoleApp1\ConsoleApp1.csproj", "{ADBE2119-994D-4331-94B5-1A324CE56AFE}"
EndProject
Global
	GlobalSection(SolutionConfigurationPlatforms) = preSolution
		Debug|Any CPU = Debug|Any CPU
		Release|Any CPU = Release|Any CPU
	EndGlobalSection
	GlobalSection(ProjectConfigurationPlatforms) = postSolution
		{ADBE2119-994D-4331-94B5-1A324CE56AFE}.Debug|Any CPU.ActiveCfg = Debug|Any CPU
		{ADBE2119-994D-4331-94B5-1A324CE56AFE}.Debug|Any CPU.Build.0 = Debug|Any CPU
		{ADBE2119-994D-4331-94B5-1A324CE56AFE}.Release|Any CPU.ActiveCfg = Release|Any CPU
		{ADBE2119-994D-4331-94B5-1A324CE56AFE}.Release|Any CPU.Build.0 = Release|Any CPU
	EndGlobalSection
	GlobalSection(SolutionProperties) = preSolution
		HideSolutionNode = FALSE
	EndGlobalSection
	GlobalSection(ExtensibilityGlobals) = postSolution
		SolutionGuid = {ABBCC5D8-6363-4E0C-B565-796E9CAA3CF7}
	EndGlobalSection
EndGlobal
